// !$*UTF8*$!
{
	archiveVersion = 1;
	classes = {
	};
	objectVersion = 46;
	objects = {

/* Begin PBXBuildFile section */
		CE07C4D41890C25E00032CAD /* ExampleImage.jpeg in Resources */ = {isa = PBXBuildFile; fileRef = CE07C4D21890C25E00032CAD /* ExampleImage.jpeg */; };
		CE07C4D51890C25E00032CAD /* ExampleImage@2x.jpg in Resources */ = {isa = PBXBuildFile; fileRef = CE07C4D31890C25E00032CAD /* ExampleImage@2x.jpg */; };
		CE07C4D81890C2F800032CAD /* SCNearbyProfilesCollectionViewController.m in Sources */ = {isa = PBXBuildFile; fileRef = CE07C4D71890C2F800032CAD /* SCNearbyProfilesCollectionViewController.m */; };
		CE07C4DB1890C33900032CAD /* SCProfileCollectionViewCell.m in Sources */ = {isa = PBXBuildFile; fileRef = CE07C4DA1890C33900032CAD /* SCProfileCollectionViewCell.m */; };
		CE07C4DF1890C61F00032CAD /* UserProfile.m in Sources */ = {isa = PBXBuildFile; fileRef = CE07C4DE1890C61F00032CAD /* UserProfile.m */; };
		CE07C4E21890C61F00032CAD /* Beacon.m in Sources */ = {isa = PBXBuildFile; fileRef = CE07C4E11890C61F00032CAD /* Beacon.m */; };
		CE904F8F1890A1BD00BD06E6 /* Foundation.framework in Frameworks */ = {isa = PBXBuildFile; fileRef = CE904F8E1890A1BD00BD06E6 /* Foundation.framework */; };
		CE904F911890A1BD00BD06E6 /* CoreGraphics.framework in Frameworks */ = {isa = PBXBuildFile; fileRef = CE904F901890A1BD00BD06E6 /* CoreGraphics.framework */; };
		CE904F931890A1BD00BD06E6 /* UIKit.framework in Frameworks */ = {isa = PBXBuildFile; fileRef = CE904F921890A1BD00BD06E6 /* UIKit.framework */; };
		CE904F951890A1BD00BD06E6 /* CoreData.framework in Frameworks */ = {isa = PBXBuildFile; fileRef = CE904F941890A1BD00BD06E6 /* CoreData.framework */; };
		CE904F9B1890A1BD00BD06E6 /* InfoPlist.strings in Resources */ = {isa = PBXBuildFile; fileRef = CE904F991890A1BD00BD06E6 /* InfoPlist.strings */; };
		CE904F9D1890A1BD00BD06E6 /* main.m in Sources */ = {isa = PBXBuildFile; fileRef = CE904F9C1890A1BD00BD06E6 /* main.m */; };
		CE904FA11890A1BD00BD06E6 /* SCAppDelegate.m in Sources */ = {isa = PBXBuildFile; fileRef = CE904FA01890A1BD00BD06E6 /* SCAppDelegate.m */; };
		CE904FA41890A1BD00BD06E6 /* Main_iPhone.storyboard in Resources */ = {isa = PBXBuildFile; fileRef = CE904FA21890A1BD00BD06E6 /* Main_iPhone.storyboard */; };
		CE904FA71890A1BD00BD06E6 /* Main_iPad.storyboard in Resources */ = {isa = PBXBuildFile; fileRef = CE904FA51890A1BD00BD06E6 /* Main_iPad.storyboard */; };
		CE904FAA1890A1BD00BD06E6 /* Scene.xcdatamodeld in Sources */ = {isa = PBXBuildFile; fileRef = CE904FA81890A1BD00BD06E6 /* Scene.xcdatamodeld */; };
		CE904FB21890A1BD00BD06E6 /* Images.xcassets in Resources */ = {isa = PBXBuildFile; fileRef = CE904FB11890A1BD00BD06E6 /* Images.xcassets */; };
		CE904FB91890A1BE00BD06E6 /* XCTest.framework in Frameworks */ = {isa = PBXBuildFile; fileRef = CE904FB81890A1BE00BD06E6 /* XCTest.framework */; };
		CE904FBA1890A1BE00BD06E6 /* Foundation.framework in Frameworks */ = {isa = PBXBuildFile; fileRef = CE904F8E1890A1BD00BD06E6 /* Foundation.framework */; };
		CE904FBB1890A1BE00BD06E6 /* UIKit.framework in Frameworks */ = {isa = PBXBuildFile; fileRef = CE904F921890A1BD00BD06E6 /* UIKit.framework */; };
		CE904FBC1890A1BE00BD06E6 /* CoreData.framework in Frameworks */ = {isa = PBXBuildFile; fileRef = CE904F941890A1BD00BD06E6 /* CoreData.framework */; };
		CE904FC41890A1BE00BD06E6 /* InfoPlist.strings in Resources */ = {isa = PBXBuildFile; fileRef = CE904FC21890A1BE00BD06E6 /* InfoPlist.strings */; };
		CE904FC61890A1BE00BD06E6 /* SceneTests.m in Sources */ = {isa = PBXBuildFile; fileRef = CE904FC51890A1BE00BD06E6 /* SceneTests.m */; };
/* End PBXBuildFile section */

/* Begin PBXContainerItemProxy section */
		CE904FBD1890A1BE00BD06E6 /* PBXContainerItemProxy */ = {
			isa = PBXContainerItemProxy;
			containerPortal = CE904F831890A1BD00BD06E6 /* Project object */;
			proxyType = 1;
			remoteGlobalIDString = CE904F8A1890A1BD00BD06E6;
			remoteInfo = Scene;
		};
/* End PBXContainerItemProxy section */

/* Begin PBXFileReference section */
		CE07C4D21890C25E00032CAD /* ExampleImage.jpeg */ = {isa = PBXFileReference; lastKnownFileType = image.jpeg; path = ExampleImage.jpeg; sourceTree = "<group>"; };
		CE07C4D31890C25E00032CAD /* ExampleImage@2x.jpg */ = {isa = PBXFileReference; lastKnownFileType = image.jpeg; path = "ExampleImage@2x.jpg"; sourceTree = "<group>"; };
		CE07C4D61890C2F800032CAD /* SCNearbyProfilesCollectionViewController.h */ = {isa = PBXFileReference; fileEncoding = 4; lastKnownFileType = sourcecode.c.h; path = SCNearbyProfilesCollectionViewController.h; sourceTree = "<group>"; };
		CE07C4D71890C2F800032CAD /* SCNearbyProfilesCollectionViewController.m */ = {isa = PBXFileReference; fileEncoding = 4; lastKnownFileType = sourcecode.c.objc; path = SCNearbyProfilesCollectionViewController.m; sourceTree = "<group>"; };
		CE07C4D91890C33900032CAD /* SCProfileCollectionViewCell.h */ = {isa = PBXFileReference; fileEncoding = 4; lastKnownFileType = sourcecode.c.h; path = SCProfileCollectionViewCell.h; sourceTree = "<group>"; };
		CE07C4DA1890C33900032CAD /* SCProfileCollectionViewCell.m */ = {isa = PBXFileReference; fileEncoding = 4; lastKnownFileType = sourcecode.c.objc; path = SCProfileCollectionViewCell.m; sourceTree = "<group>"; };
		CE07C4DD1890C61F00032CAD /* UserProfile.h */ = {isa = PBXFileReference; fileEncoding = 4; lastKnownFileType = sourcecode.c.h; path = UserProfile.h; sourceTree = "<group>"; };
		CE07C4DE1890C61F00032CAD /* UserProfile.m */ = {isa = PBXFileReference; fileEncoding = 4; lastKnownFileType = sourcecode.c.objc; path = UserProfile.m; sourceTree = "<group>"; };
		CE07C4E01890C61F00032CAD /* Beacon.h */ = {isa = PBXFileReference; fileEncoding = 4; lastKnownFileType = sourcecode.c.h; path = Beacon.h; sourceTree = "<group>"; };
		CE07C4E11890C61F00032CAD /* Beacon.m */ = {isa = PBXFileReference; fileEncoding = 4; lastKnownFileType = sourcecode.c.objc; path = Beacon.m; sourceTree = "<group>"; };
		CE904F8B1890A1BD00BD06E6 /* Scene.app */ = {isa = PBXFileReference; explicitFileType = wrapper.application; includeInIndex = 0; path = Scene.app; sourceTree = BUILT_PRODUCTS_DIR; };
		CE904F8E1890A1BD00BD06E6 /* Foundation.framework */ = {isa = PBXFileReference; lastKnownFileType = wrapper.framework; name = Foundation.framework; path = System/Library/Frameworks/Foundation.framework; sourceTree = SDKROOT; };
		CE904F901890A1BD00BD06E6 /* CoreGraphics.framework */ = {isa = PBXFileReference; lastKnownFileType = wrapper.framework; name = CoreGraphics.framework; path = System/Library/Frameworks/CoreGraphics.framework; sourceTree = SDKROOT; };
		CE904F921890A1BD00BD06E6 /* UIKit.framework */ = {isa = PBXFileReference; lastKnownFileType = wrapper.framework; name = UIKit.framework; path = System/Library/Frameworks/UIKit.framework; sourceTree = SDKROOT; };
		CE904F941890A1BD00BD06E6 /* CoreData.framework */ = {isa = PBXFileReference; lastKnownFileType = wrapper.framework; name = CoreData.framework; path = System/Library/Frameworks/CoreData.framework; sourceTree = SDKROOT; };
		CE904F981890A1BD00BD06E6 /* Scene-Info.plist */ = {isa = PBXFileReference; lastKnownFileType = text.plist.xml; path = "Scene-Info.plist"; sourceTree = "<group>"; };
		CE904F9A1890A1BD00BD06E6 /* en */ = {isa = PBXFileReference; lastKnownFileType = text.plist.strings; name = en; path = en.lproj/InfoPlist.strings; sourceTree = "<group>"; };
		CE904F9C1890A1BD00BD06E6 /* main.m */ = {isa = PBXFileReference; lastKnownFileType = sourcecode.c.objc; path = main.m; sourceTree = "<group>"; };
		CE904F9E1890A1BD00BD06E6 /* Scene-Prefix.pch */ = {isa = PBXFileReference; lastKnownFileType = sourcecode.c.h; path = "Scene-Prefix.pch"; sourceTree = "<group>"; };
		CE904F9F1890A1BD00BD06E6 /* SCAppDelegate.h */ = {isa = PBXFileReference; lastKnownFileType = sourcecode.c.h; path = SCAppDelegate.h; sourceTree = "<group>"; };
		CE904FA01890A1BD00BD06E6 /* SCAppDelegate.m */ = {isa = PBXFileReference; lastKnownFileType = sourcecode.c.objc; path = SCAppDelegate.m; sourceTree = "<group>"; };
		CE904FA31890A1BD00BD06E6 /* Base */ = {isa = PBXFileReference; lastKnownFileType = file.storyboard; name = Base; path = Base.lproj/Main_iPhone.storyboard; sourceTree = "<group>"; };
		CE904FA61890A1BD00BD06E6 /* Base */ = {isa = PBXFileReference; lastKnownFileType = file.storyboard; name = Base; path = Base.lproj/Main_iPad.storyboard; sourceTree = "<group>"; };
		CE904FA91890A1BD00BD06E6 /* Scene.xcdatamodel */ = {isa = PBXFileReference; lastKnownFileType = wrapper.xcdatamodel; path = Scene.xcdatamodel; sourceTree = "<group>"; };
		CE904FB11890A1BD00BD06E6 /* Images.xcassets */ = {isa = PBXFileReference; lastKnownFileType = folder.assetcatalog; path = Images.xcassets; sourceTree = "<group>"; };
		CE904FB71890A1BD00BD06E6 /* SceneTests.xctest */ = {isa = PBXFileReference; explicitFileType = wrapper.cfbundle; includeInIndex = 0; path = SceneTests.xctest; sourceTree = BUILT_PRODUCTS_DIR; };
		CE904FB81890A1BE00BD06E6 /* XCTest.framework */ = {isa = PBXFileReference; lastKnownFileType = wrapper.framework; name = XCTest.framework; path = Library/Frameworks/XCTest.framework; sourceTree = DEVELOPER_DIR; };
		CE904FC11890A1BE00BD06E6 /* SceneTests-Info.plist */ = {isa = PBXFileReference; lastKnownFileType = text.plist.xml; path = "SceneTests-Info.plist"; sourceTree = "<group>"; };
		CE904FC31890A1BE00BD06E6 /* en */ = {isa = PBXFileReference; lastKnownFileType = text.plist.strings; name = en; path = en.lproj/InfoPlist.strings; sourceTree = "<group>"; };
		CE904FC51890A1BE00BD06E6 /* SceneTests.m */ = {isa = PBXFileReference; lastKnownFileType = sourcecode.c.objc; path = SceneTests.m; sourceTree = "<group>"; };
/* End PBXFileReference section */

/* Begin PBXFrameworksBuildPhase section */
		CE904F881890A1BD00BD06E6 /* Frameworks */ = {
			isa = PBXFrameworksBuildPhase;
			buildActionMask = 2147483647;
			files = (
				CE904F911890A1BD00BD06E6 /* CoreGraphics.framework in Frameworks */,
				CE904F951890A1BD00BD06E6 /* CoreData.framework in Frameworks */,
				CE904F931890A1BD00BD06E6 /* UIKit.framework in Frameworks */,
				CE904F8F1890A1BD00BD06E6 /* Foundation.framework in Frameworks */,
			);
			runOnlyForDeploymentPostprocessing = 0;
		};
		CE904FB41890A1BD00BD06E6 /* Frameworks */ = {
			isa = PBXFrameworksBuildPhase;
			buildActionMask = 2147483647;
			files = (
				CE904FB91890A1BE00BD06E6 /* XCTest.framework in Frameworks */,
				CE904FBC1890A1BE00BD06E6 /* CoreData.framework in Frameworks */,
				CE904FBB1890A1BE00BD06E6 /* UIKit.framework in Frameworks */,
				CE904FBA1890A1BE00BD06E6 /* Foundation.framework in Frameworks */,
			);
			runOnlyForDeploymentPostprocessing = 0;
		};
/* End PBXFrameworksBuildPhase section */

/* Begin PBXGroup section */
		CE07C4DC1890C58800032CAD /* Models */ = {
			isa = PBXGroup;
			children = (
				CE07C4E01890C61F00032CAD /* Beacon.h */,
				CE07C4E11890C61F00032CAD /* Beacon.m */,
				CE07C4DD1890C61F00032CAD /* UserProfile.h */,
				CE07C4DE1890C61F00032CAD /* UserProfile.m */,
			);
			name = Models;
			sourceTree = "<group>";
		};
		CE904F821890A1BD00BD06E6 = {
			isa = PBXGroup;
			children = (
				CE904F961890A1BD00BD06E6 /* Scene */,
				CE904FBF1890A1BE00BD06E6 /* SceneTests */,
				CE904F8D1890A1BD00BD06E6 /* Frameworks */,
				CE904F8C1890A1BD00BD06E6 /* Products */,
			);
			sourceTree = "<group>";
		};
		CE904F8C1890A1BD00BD06E6 /* Products */ = {
			isa = PBXGroup;
			children = (
				CE904F8B1890A1BD00BD06E6 /* Scene.app */,
				CE904FB71890A1BD00BD06E6 /* SceneTests.xctest */,
			);
			name = Products;
			sourceTree = "<group>";
		};
		CE904F8D1890A1BD00BD06E6 /* Frameworks */ = {
			isa = PBXGroup;
			children = (
				CE904F8E1890A1BD00BD06E6 /* Foundation.framework */,
				CE904F901890A1BD00BD06E6 /* CoreGraphics.framework */,
				CE904F921890A1BD00BD06E6 /* UIKit.framework */,
				CE904F941890A1BD00BD06E6 /* CoreData.framework */,
				CE904FB81890A1BE00BD06E6 /* XCTest.framework */,
			);
			name = Frameworks;
			sourceTree = "<group>";
		};
		CE904F961890A1BD00BD06E6 /* Scene */ = {
			isa = PBXGroup;
			children = (
				CE07C4DC1890C58800032CAD /* Models */,
				CE07C4D21890C25E00032CAD /* ExampleImage.jpeg */,
				CE07C4D31890C25E00032CAD /* ExampleImage@2x.jpg */,
				CE904F9F1890A1BD00BD06E6 /* SCAppDelegate.h */,
				CE904FA01890A1BD00BD06E6 /* SCAppDelegate.m */,
				CE904FA21890A1BD00BD06E6 /* Main_iPhone.storyboard */,
				CE904FA51890A1BD00BD06E6 /* Main_iPad.storyboard */,
				CE904FB11890A1BD00BD06E6 /* Images.xcassets */,
				CE904FA81890A1BD00BD06E6 /* Scene.xcdatamodeld */,
				CE904F971890A1BD00BD06E6 /* Supporting Files */,
				CE07C4D61890C2F800032CAD /* SCNearbyProfilesCollectionViewController.h */,
				CE07C4D71890C2F800032CAD /* SCNearbyProfilesCollectionViewController.m */,
				CE07C4D91890C33900032CAD /* SCProfileCollectionViewCell.h */,
				CE07C4DA1890C33900032CAD /* SCProfileCollectionViewCell.m */,
			);
			path = Scene;
			sourceTree = "<group>";
		};
		CE904F971890A1BD00BD06E6 /* Supporting Files */ = {
			isa = PBXGroup;
			children = (
				CE904F981890A1BD00BD06E6 /* Scene-Info.plist */,
				CE904F991890A1BD00BD06E6 /* InfoPlist.strings */,
				CE904F9C1890A1BD00BD06E6 /* main.m */,
				CE904F9E1890A1BD00BD06E6 /* Scene-Prefix.pch */,
			);
			name = "Supporting Files";
			sourceTree = "<group>";
		};
		CE904FBF1890A1BE00BD06E6 /* SceneTests */ = {
			isa = PBXGroup;
			children = (
				CE904FC51890A1BE00BD06E6 /* SceneTests.m */,
				CE904FC01890A1BE00BD06E6 /* Supporting Files */,
			);
			path = SceneTests;
			sourceTree = "<group>";
		};
		CE904FC01890A1BE00BD06E6 /* Supporting Files */ = {
			isa = PBXGroup;
			children = (
				CE904FC11890A1BE00BD06E6 /* SceneTests-Info.plist */,
				CE904FC21890A1BE00BD06E6 /* InfoPlist.strings */,
			);
			name = "Supporting Files";
			sourceTree = "<group>";
		};
/* End PBXGroup section */

/* Begin PBXNativeTarget section */
		CE904F8A1890A1BD00BD06E6 /* Scene */ = {
			isa = PBXNativeTarget;
			buildConfigurationList = CE904FC91890A1BE00BD06E6 /* Build configuration list for PBXNativeTarget "Scene" */;
			buildPhases = (
				CE904F871890A1BD00BD06E6 /* Sources */,
				CE904F881890A1BD00BD06E6 /* Frameworks */,
				CE904F891890A1BD00BD06E6 /* Resources */,
			);
			buildRules = (
			);
			dependencies = (
			);
			name = Scene;
			productName = Scene;
			productReference = CE904F8B1890A1BD00BD06E6 /* Scene.app */;
			productType = "com.apple.product-type.application";
		};
		CE904FB61890A1BD00BD06E6 /* SceneTests */ = {
			isa = PBXNativeTarget;
			buildConfigurationList = CE904FCC1890A1BE00BD06E6 /* Build configuration list for PBXNativeTarget "SceneTests" */;
			buildPhases = (
				CE904FB31890A1BD00BD06E6 /* Sources */,
				CE904FB41890A1BD00BD06E6 /* Frameworks */,
				CE904FB51890A1BD00BD06E6 /* Resources */,
			);
			buildRules = (
			);
			dependencies = (
				CE904FBE1890A1BE00BD06E6 /* PBXTargetDependency */,
			);
			name = SceneTests;
			productName = SceneTests;
			productReference = CE904FB71890A1BD00BD06E6 /* SceneTests.xctest */;
			productType = "com.apple.product-type.bundle.unit-test";
		};
/* End PBXNativeTarget section */

/* Begin PBXProject section */
		CE904F831890A1BD00BD06E6 /* Project object */ = {
			isa = PBXProject;
			attributes = {
				CLASSPREFIX = SC;
				LastUpgradeCheck = 0510;
				ORGANIZATIONNAME = WillCall;
				TargetAttributes = {
					CE904FB61890A1BD00BD06E6 = {
						TestTargetID = CE904F8A1890A1BD00BD06E6;
					};
				};
			};
			buildConfigurationList = CE904F861890A1BD00BD06E6 /* Build configuration list for PBXProject "Scene" */;
			compatibilityVersion = "Xcode 3.2";
			developmentRegion = English;
			hasScannedForEncodings = 0;
			knownRegions = (
				en,
				Base,
			);
			mainGroup = CE904F821890A1BD00BD06E6;
			productRefGroup = CE904F8C1890A1BD00BD06E6 /* Products */;
			projectDirPath = "";
			projectRoot = "";
			targets = (
				CE904F8A1890A1BD00BD06E6 /* Scene */,
				CE904FB61890A1BD00BD06E6 /* SceneTests */,
			);
		};
/* End PBXProject section */

/* Begin PBXResourcesBuildPhase section */
		CE904F891890A1BD00BD06E6 /* Resources */ = {
			isa = PBXResourcesBuildPhase;
			buildActionMask = 2147483647;
			files = (
				CE07C4D41890C25E00032CAD /* ExampleImage.jpeg in Resources */,
				CE904FA71890A1BD00BD06E6 /* Main_iPad.storyboard in Resources */,
				CE904FB21890A1BD00BD06E6 /* Images.xcassets in Resources */,
				CE07C4D51890C25E00032CAD /* ExampleImage@2x.jpg in Resources */,
				CE904FA41890A1BD00BD06E6 /* Main_iPhone.storyboard in Resources */,
				CE904F9B1890A1BD00BD06E6 /* InfoPlist.strings in Resources */,
			);
			runOnlyForDeploymentPostprocessing = 0;
		};
		CE904FB51890A1BD00BD06E6 /* Resources */ = {
			isa = PBXResourcesBuildPhase;
			buildActionMask = 2147483647;
			files = (
				CE904FC41890A1BE00BD06E6 /* InfoPlist.strings in Resources */,
			);
			runOnlyForDeploymentPostprocessing = 0;
		};
/* End PBXResourcesBuildPhase section */

/* Begin PBXSourcesBuildPhase section */
		CE904F871890A1BD00BD06E6 /* Sources */ = {
			isa = PBXSourcesBuildPhase;
			buildActionMask = 2147483647;
			files = (
				CE904FA11890A1BD00BD06E6 /* SCAppDelegate.m in Sources */,
				CE904FAA1890A1BD00BD06E6 /* Scene.xcdatamodeld in Sources */,
				CE07C4DF1890C61F00032CAD /* UserProfile.m in Sources */,
				CE904F9D1890A1BD00BD06E6 /* main.m in Sources */,
				CE07C4E21890C61F00032CAD /* Beacon.m in Sources */,
				CE07C4D81890C2F800032CAD /* SCNearbyProfilesCollectionViewController.m in Sources */,
				CE07C4DB1890C33900032CAD /* SCProfileCollectionViewCell.m in Sources */,
			);
			runOnlyForDeploymentPostprocessing = 0;
		};
		CE904FB31890A1BD00BD06E6 /* Sources */ = {
			isa = PBXSourcesBuildPhase;
			buildActionMask = 2147483647;
			files = (
				CE904FC61890A1BE00BD06E6 /* SceneTests.m in Sources */,
			);
			runOnlyForDeploymentPostprocessing = 0;
		};
/* End PBXSourcesBuildPhase section */

/* Begin PBXTargetDependency section */
		CE904FBE1890A1BE00BD06E6 /* PBXTargetDependency */ = {
			isa = PBXTargetDependency;
			target = CE904F8A1890A1BD00BD06E6 /* Scene */;
			targetProxy = CE904FBD1890A1BE00BD06E6 /* PBXContainerItemProxy */;
		};
/* End PBXTargetDependency section */

/* Begin PBXVariantGroup section */
		CE904F991890A1BD00BD06E6 /* InfoPlist.strings */ = {
			isa = PBXVariantGroup;
			children = (
				CE904F9A1890A1BD00BD06E6 /* en */,
			);
			name = InfoPlist.strings;
			sourceTree = "<group>";
		};
		CE904FA21890A1BD00BD06E6 /* Main_iPhone.storyboard */ = {
			isa = PBXVariantGroup;
			children = (
				CE904FA31890A1BD00BD06E6 /* Base */,
			);
			name = Main_iPhone.storyboard;
			sourceTree = "<group>";
		};
		CE904FA51890A1BD00BD06E6 /* Main_iPad.storyboard */ = {
			isa = PBXVariantGroup;
			children = (
				CE904FA61890A1BD00BD06E6 /* Base */,
			);
			name = Main_iPad.storyboard;
			sourceTree = "<group>";
		};
		CE904FC21890A1BE00BD06E6 /* InfoPlist.strings */ = {
			isa = PBXVariantGroup;
			children = (
				CE904FC31890A1BE00BD06E6 /* en */,
			);
			name = InfoPlist.strings;
			sourceTree = "<group>";
		};
/* End PBXVariantGroup section */

/* Begin XCBuildConfiguration section */
		CE904FC71890A1BE00BD06E6 /* Debug */ = {
			isa = XCBuildConfiguration;
			buildSettings = {
				ALWAYS_SEARCH_USER_PATHS = NO;
				CLANG_CXX_LANGUAGE_STANDARD = "gnu++0x";
				CLANG_CXX_LIBRARY = "libc++";
				CLANG_ENABLE_MODULES = YES;
				CLANG_ENABLE_OBJC_ARC = YES;
				CLANG_WARN_BOOL_CONVERSION = YES;
				CLANG_WARN_CONSTANT_CONVERSION = YES;
				CLANG_WARN_DIRECT_OBJC_ISA_USAGE = YES_ERROR;
				CLANG_WARN_EMPTY_BODY = YES;
				CLANG_WARN_ENUM_CONVERSION = YES;
				CLANG_WARN_INT_CONVERSION = YES;
				CLANG_WARN_OBJC_ROOT_CLASS = YES_ERROR;
				CLANG_WARN__DUPLICATE_METHOD_MATCH = YES;
				"CODE_SIGN_IDENTITY[sdk=iphoneos*]" = "iPhone Developer";
				COPY_PHASE_STRIP = NO;
				GCC_C_LANGUAGE_STANDARD = gnu99;
				GCC_DYNAMIC_NO_PIC = NO;
				GCC_OPTIMIZATION_LEVEL = 0;
				GCC_PREPROCESSOR_DEFINITIONS = (
					"DEBUG=1",
					"$(inherited)",
				);
				GCC_SYMBOLS_PRIVATE_EXTERN = NO;
				GCC_WARN_64_TO_32_BIT_CONVERSION = YES;
				GCC_WARN_ABOUT_RETURN_TYPE = YES_ERROR;
				GCC_WARN_UNDECLARED_SELECTOR = YES;
				GCC_WARN_UNINITIALIZED_AUTOS = YES_AGGRESSIVE;
				GCC_WARN_UNUSED_FUNCTION = YES;
				GCC_WARN_UNUSED_VARIABLE = YES;
				IPHONEOS_DEPLOYMENT_TARGET = 7.1;
				ONLY_ACTIVE_ARCH = YES;
				SDKROOT = iphoneos;
				TARGETED_DEVICE_FAMILY = "1,2";
			};
			name = Debug;
		};
		CE904FC81890A1BE00BD06E6 /* Release */ = {
			isa = XCBuildConfiguration;
			buildSettings = {
				ALWAYS_SEARCH_USER_PATHS = NO;
				CLANG_CXX_LANGUAGE_STANDARD = "gnu++0x";
				CLANG_CXX_LIBRARY = "libc++";
				CLANG_ENABLE_MODULES = YES;
				CLANG_ENABLE_OBJC_ARC = YES;
				CLANG_WARN_BOOL_CONVERSION = YES;
				CLANG_WARN_CONSTANT_CONVERSION = YES;
				CLANG_WARN_DIRECT_OBJC_ISA_USAGE = YES_ERROR;
				CLANG_WARN_EMPTY_BODY = YES;
				CLANG_WARN_ENUM_CONVERSION = YES;
				CLANG_WARN_INT_CONVERSION = YES;
				CLANG_WARN_OBJC_ROOT_CLASS = YES_ERROR;
				CLANG_WARN__DUPLICATE_METHOD_MATCH = YES;
				"CODE_SIGN_IDENTITY[sdk=iphoneos*]" = "iPhone Developer";
				COPY_PHASE_STRIP = YES;
				ENABLE_NS_ASSERTIONS = NO;
				GCC_C_LANGUAGE_STANDARD = gnu99;
				GCC_WARN_64_TO_32_BIT_CONVERSION = YES;
				GCC_WARN_ABOUT_RETURN_TYPE = YES_ERROR;
				GCC_WARN_UNDECLARED_SELECTOR = YES;
				GCC_WARN_UNINITIALIZED_AUTOS = YES_AGGRESSIVE;
				GCC_WARN_UNUSED_FUNCTION = YES;
				GCC_WARN_UNUSED_VARIABLE = YES;
				IPHONEOS_DEPLOYMENT_TARGET = 7.1;
				SDKROOT = iphoneos;
				TARGETED_DEVICE_FAMILY = "1,2";
				VALIDATE_PRODUCT = YES;
			};
			name = Release;
		};
		CE904FCA1890A1BE00BD06E6 /* Debug */ = {
			isa = XCBuildConfiguration;
			buildSettings = {
				ASSETCATALOG_COMPILER_APPICON_NAME = AppIcon;
				ASSETCATALOG_COMPILER_LAUNCHIMAGE_NAME = LaunchImage;
				GCC_PRECOMPILE_PREFIX_HEADER = YES;
				GCC_PREFIX_HEADER = "Scene/Scene-Prefix.pch";
				INFOPLIST_FILE = "Scene/Scene-Info.plist";
				PRODUCT_NAME = "$(TARGET_NAME)";
				WRAPPER_EXTENSION = app;
			};
			name = Debug;
		};
		CE904FCB1890A1BE00BD06E6 /* Release */ = {
			isa = XCBuildConfiguration;
			buildSettings = {
				ASSETCATALOG_COMPILER_APPICON_NAME = AppIcon;
				ASSETCATALOG_COMPILER_LAUNCHIMAGE_NAME = LaunchImage;
				GCC_PRECOMPILE_PREFIX_HEADER = YES;
				GCC_PREFIX_HEADER = "Scene/Scene-Prefix.pch";
				INFOPLIST_FILE = "Scene/Scene-Info.plist";
				PRODUCT_NAME = "$(TARGET_NAME)";
				WRAPPER_EXTENSION = app;
			};
			name = Release;
		};
		CE904FCD1890A1BE00BD06E6 /* Debug */ = {
			isa = XCBuildConfiguration;
			buildSettings = {
				BUNDLE_LOADER = "$(BUILT_PRODUCTS_DIR)/Scene.app/Scene";
				FRAMEWORK_SEARCH_PATHS = (
					"$(SDKROOT)/Developer/Library/Frameworks",
					"$(inherited)",
					"$(DEVELOPER_FRAMEWORKS_DIR)",
				);
				GCC_PRECOMPILE_PREFIX_HEADER = YES;
				GCC_PREFIX_HEADER = "Scene/Scene-Prefix.pch";
				GCC_PREPROCESSOR_DEFINITIONS = (
					"DEBUG=1",
					"$(inherited)",
				);
				INFOPLIST_FILE = "SceneTests/SceneTests-Info.plist";
				PRODUCT_NAME = "$(TARGET_NAME)";
				TEST_HOST = "$(BUNDLE_LOADER)";
				WRAPPER_EXTENSION = xctest;
			};
			name = Debug;
		};
		CE904FCE1890A1BE00BD06E6 /* Release */ = {
			isa = XCBuildConfiguration;
			buildSettings = {
				BUNDLE_LOADER = "$(BUILT_PRODUCTS_DIR)/Scene.app/Scene";
				FRAMEWORK_SEARCH_PATHS = (
					"$(SDKROOT)/Developer/Library/Frameworks",
					"$(inherited)",
					"$(DEVELOPER_FRAMEWORKS_DIR)",
				);
				GCC_PRECOMPILE_PREFIX_HEADER = YES;
				GCC_PREFIX_HEADER = "Scene/Scene-Prefix.pch";
				INFOPLIST_FILE = "SceneTests/SceneTests-Info.plist";
				PRODUCT_NAME = "$(TARGET_NAME)";
				TEST_HOST = "$(BUNDLE_LOADER)";
				WRAPPER_EXTENSION = xctest;
			};
			name = Release;
		};
/* End XCBuildConfiguration section */

/* Begin XCConfigurationList section */
		CE904F861890A1BD00BD06E6 /* Build configuration list for PBXProject "Scene" */ = {
			isa = XCConfigurationList;
			buildConfigurations = (
				CE904FC71890A1BE00BD06E6 /* Debug */,
				CE904FC81890A1BE00BD06E6 /* Release */,
			);
			defaultConfigurationIsVisible = 0;
			defaultConfigurationName = Release;
		};
		CE904FC91890A1BE00BD06E6 /* Build configuration list for PBXNativeTarget "Scene" */ = {
			isa = XCConfigurationList;
			buildConfigurations = (
				CE904FCA1890A1BE00BD06E6 /* Debug */,
				CE904FCB1890A1BE00BD06E6 /* Release */,
			);
			defaultConfigurationIsVisible = 0;
			defaultConfigurationName = Release;
		};
		CE904FCC1890A1BE00BD06E6 /* Build configuration list for PBXNativeTarget "SceneTests" */ = {
			isa = XCConfigurationList;
			buildConfigurations = (
				CE904FCD1890A1BE00BD06E6 /* Debug */,
				CE904FCE1890A1BE00BD06E6 /* Release */,
			);
			defaultConfigurationIsVisible = 0;
			defaultConfigurationName = Release;
		};
/* End XCConfigurationList section */

/* Begin XCVersionGroup section */
		CE904FA81890A1BD00BD06E6 /* Scene.xcdatamodeld */ = {
			isa = XCVersionGroup;
			children = (
				CE904FA91890A1BD00BD06E6 /* Scene.xcdatamodel */,
			);
			currentVersion = CE904FA91890A1BD00BD06E6 /* Scene.xcdatamodel */;
			path = Scene.xcdatamodeld;
			sourceTree = "<group>";
			versionGroupType = wrapper.xcdatamodel;
		};
/* End XCVersionGroup section */
	};
	rootObject = CE904F831890A1BD00BD06E6 /* Project object */;
}
